
Microsoft Visual Studio Solution File, Format Version 12.00
# Visual Studio Version 17
VisualStudioVersion = 17.6.33829.357
MinimumVisualStudioVersion = 10.0.40219.1
Project("{FAE04EC0-301F-11D3-BF4B-00C04F79EFBC}") = "SistemaDeTarefas", "SistemaDeTarefas\SistemaDeTarefas.csproj", "{932169B8-5664-44B9-B9E0-D5F86BCE722B}"
EndProject
Global
	GlobalSection(SolutionConfigurationPlatforms) = preSolution
		Debug|Any CPU = Debug|Any CPU
		Release|Any CPU = Release|Any CPU
	EndGlobalSection
	GlobalSection(ProjectConfigurationPlatforms) = postSolution
		{932169B8-5664-44B9-B9E0-D5F86BCE722B}.Debug|Any CPU.ActiveCfg = Debug|Any CPU
		{932169B8-5664-44B9-B9E0-D5F86BCE722B}.Debug|Any CPU.Build.0 = Debug|Any CPU
		{932169B8-5664-44B9-B9E0-D5F86BCE722B}.Release|Any CPU.ActiveCfg = Release|Any CPU
		{932169B8-5664-44B9-B9E0-D5F86BCE722B}.Release|Any CPU.Build.0 = Release|Any CPU
	EndGlobalSection
	GlobalSection(SolutionProperties) = preSolution
		HideSolutionNode = FALSE
	EndGlobalSection
	GlobalSection(ExtensibilityGlobals) = postSolution
		SolutionGuid = {2814C298-50DA-4C8D-A29F-26D81C454D5A}
	EndGlobalSection
EndGlobal
